
Microsoft Visual Studio Solution File, Format Version 12.00
# Visual Studio Version 17
VisualStudioVersion = 17.9.34714.143
MinimumVisualStudioVersion = 10.0.40219.1
Project("{FAE04EC0-301F-11D3-BF4B-00C04F79EFBC}") = "Random", "Random\Random.csproj", "{2E59D777-A608-4091-B7B8-62ADE68BA803}"
EndProject
Global
	GlobalSection(SolutionConfigurationPlatforms) = preSolution
		Debug|Any CPU = Debug|Any CPU
		Release|Any CPU = Release|Any CPU
	EndGlobalSection
	GlobalSection(ProjectConfigurationPlatforms) = postSolution
		{2E59D777-A608-4091-B7B8-62ADE68BA803}.Debug|Any CPU.ActiveCfg = Debug|Any CPU
		{2E59D777-A608-4091-B7B8-62ADE68BA803}.Debug|Any CPU.Build.0 = Debug|Any CPU
		{2E59D777-A608-4091-B7B8-62ADE68BA803}.Release|Any CPU.ActiveCfg = Release|Any CPU
		{2E59D777-A608-4091-B7B8-62ADE68BA803}.Release|Any CPU.Build.0 = Release|Any CPU
	EndGlobalSection
	GlobalSection(SolutionProperties) = preSolution
		HideSolutionNode = FALSE
	EndGlobalSection
	GlobalSection(ExtensibilityGlobals) = postSolution
		SolutionGuid = {5A0235D2-3092-4A95-BC41-2F3EB0484C05}
	EndGlobalSection
EndGlobal
